
Microsoft Visual Studio Solution File, Format Version 12.00
# Visual Studio Version 17
VisualStudioVersion = 17.3.32901.215
MinimumVisualStudioVersion = 10.0.40219.1
Project("{FAE04EC0-301F-11D3-BF4B-00C04F79EFBC}") = "ProductEditor", "ProductEditor\ProductEditor.csproj", "{492AFDEA-36B6-4658-B0DF-94E199DD7879}"
EndProject
Global
	GlobalSection(SolutionConfigurationPlatforms) = preSolution
		Debug|Any CPU = Debug|Any CPU
		Release|Any CPU = Release|Any CPU
	EndGlobalSection
	GlobalSection(ProjectConfigurationPlatforms) = postSolution
		{492AFDEA-36B6-4658-B0DF-94E199DD7879}.Debug|Any CPU.ActiveCfg = Debug|Any CPU
		{492AFDEA-36B6-4658-B0DF-94E199DD7879}.Debug|Any CPU.Build.0 = Debug|Any CPU
		{492AFDEA-36B6-4658-B0DF-94E199DD7879}.Release|Any CPU.ActiveCfg = Release|Any CPU
		{492AFDEA-36B6-4658-B0DF-94E199DD7879}.Release|Any CPU.Build.0 = Release|Any CPU
	EndGlobalSection
	GlobalSection(SolutionProperties) = preSolution
		HideSolutionNode = FALSE
	EndGlobalSection
	GlobalSection(ExtensibilityGlobals) = postSolution
		SolutionGuid = {67925430-5753-458C-B962-B62A19AEB905}
	EndGlobalSection
EndGlobal
